// !$*UTF8*$!
{
	archiveVersion = 1;
	classes = {
	};
	objectVersion = 50;
	objects = {

/* Begin PBXBuildFile section */
		81D9FF9323DEDA7900F8C159 /* AppDelegate.swift in Sources */ = {isa = PBXBuildFile; fileRef = 81D9FF9223DEDA7900F8C159 /* AppDelegate.swift */; };
		81D9FF9523DEDA7900F8C159 /* SceneDelegate.swift in Sources */ = {isa = PBXBuildFile; fileRef = 81D9FF9423DEDA7900F8C159 /* SceneDelegate.swift */; };
		81D9FF9A23DEDA7900F8C159 /* Main.storyboard in Resources */ = {isa = PBXBuildFile; fileRef = 81D9FF9823DEDA7900F8C159 /* Main.storyboard */; };
		81D9FF9C23DEDA7C00F8C159 /* Assets.xcassets in Resources */ = {isa = PBXBuildFile; fileRef = 81D9FF9B23DEDA7C00F8C159 /* Assets.xcassets */; };
		81D9FF9F23DEDA7C00F8C159 /* LaunchScreen.storyboard in Resources */ = {isa = PBXBuildFile; fileRef = 81D9FF9D23DEDA7C00F8C159 /* LaunchScreen.storyboard */; };
		81D9FFA723DEDBBF00F8C159 /* UserInfoViewController.swift in Sources */ = {isa = PBXBuildFile; fileRef = 81D9FFA623DEDBBF00F8C159 /* UserInfoViewController.swift */; };
		81D9FFA923DEDBE500F8C159 /* EditViewController.swift in Sources */ = {isa = PBXBuildFile; fileRef = 81D9FFA823DEDBE500F8C159 /* EditViewController.swift */; };
/* End PBXBuildFile section */

/* Begin PBXFileReference section */
		81D9FF8F23DEDA7900F8C159 /* PracticeDelegate.app */ = {isa = PBXFileReference; explicitFileType = wrapper.application; includeInIndex = 0; path = PracticeDelegate.app; sourceTree = BUILT_PRODUCTS_DIR; };
		81D9FF9223DEDA7900F8C159 /* AppDelegate.swift */ = {isa = PBXFileReference; lastKnownFileType = sourcecode.swift; path = AppDelegate.swift; sourceTree = "<group>"; };
		81D9FF9423DEDA7900F8C159 /* SceneDelegate.swift */ = {isa = PBXFileReference; lastKnownFileType = sourcecode.swift; path = SceneDelegate.swift; sourceTree = "<group>"; };
		81D9FF9923DEDA7900F8C159 /* Base */ = {isa = PBXFileReference; lastKnownFileType = file.storyboard; name = Base; path = Base.lproj/Main.storyboard; sourceTree = "<group>"; };
		81D9FF9B23DEDA7C00F8C159 /* Assets.xcassets */ = {isa = PBXFileReference; lastKnownFileType = folder.assetcatalog; path = Assets.xcassets; sourceTree = "<group>"; };
		81D9FF9E23DEDA7C00F8C159 /* Base */ = {isa = PBXFileReference; lastKnownFileType = file.storyboard; name = Base; path = Base.lproj/LaunchScreen.storyboard; sourceTree = "<group>"; };
		81D9FFA023DEDA7C00F8C159 /* Info.plist */ = {isa = PBXFileReference; lastKnownFileType = text.plist.xml; path = Info.plist; sourceTree = "<group>"; };
		81D9FFA623DEDBBF00F8C159 /* UserInfoViewController.swift */ = {isa = PBXFileReference; lastKnownFileType = sourcecode.swift; path = UserInfoViewController.swift; sourceTree = "<group>"; };
		81D9FFA823DEDBE500F8C159 /* EditViewController.swift */ = {isa = PBXFileReference; lastKnownFileType = sourcecode.swift; path = EditViewController.swift; sourceTree = "<group>"; };
/* End PBXFileReference section */

/* Begin PBXFrameworksBuildPhase section */
		81D9FF8C23DEDA7900F8C159 /* Frameworks */ = {
			isa = PBXFrameworksBuildPhase;
			buildActionMask = 2147483647;
			files = (
			);
			runOnlyForDeploymentPostprocessing = 0;
		};
/* End PBXFrameworksBuildPhase section */

/* Begin PBXGroup section */
		81D9FF8623DEDA7900F8C159 = {
			isa = PBXGroup;
			children = (
				81D9FF9123DEDA7900F8C159 /* PracticeDelegate */,
				81D9FF9023DEDA7900F8C159 /* Products */,
			);
			sourceTree = "<group>";
		};
		81D9FF9023DEDA7900F8C159 /* Products */ = {
			isa = PBXGroup;
			children = (
				81D9FF8F23DEDA7900F8C159 /* PracticeDelegate.app */,
			);
			name = Products;
			sourceTree = "<group>";
		};
		81D9FF9123DEDA7900F8C159 /* PracticeDelegate */ = {
			isa = PBXGroup;
			children = (
				81D9FF9223DEDA7900F8C159 /* AppDelegate.swift */,
				81D9FF9423DEDA7900F8C159 /* SceneDelegate.swift */,
				81D9FFA623DEDBBF00F8C159 /* UserInfoViewController.swift */,
				81D9FFA823DEDBE500F8C159 /* EditViewController.swift */,
				81D9FF9823DEDA7900F8C159 /* Main.storyboard */,
				81D9FF9B23DEDA7C00F8C159 /* Assets.xcassets */,
				81D9FF9D23DEDA7C00F8C159 /* LaunchScreen.storyboard */,
				81D9FFA023DEDA7C00F8C159 /* Info.plist */,
			);
			path = PracticeDelegate;
			sourceTree = "<group>";
		};
/* End PBXGroup section */

/* Begin PBXNativeTarget section */
		81D9FF8E23DEDA7900F8C159 /* PracticeDelegate */ = {
			isa = PBXNativeTarget;
			buildConfigurationList = 81D9FFA323DEDA7C00F8C159 /* Build configuration list for PBXNativeTarget "PracticeDelegate" */;
			buildPhases = (
				81D9FF8B23DEDA7900F8C159 /* Sources */,
				81D9FF8C23DEDA7900F8C159 /* Frameworks */,
				81D9FF8D23DEDA7900F8C159 /* Resources */,
			);
			buildRules = (
			);
			dependencies = (
			);
			name = PracticeDelegate;
			productName = PracticeDelegate;
			productReference = 81D9FF8F23DEDA7900F8C159 /* PracticeDelegate.app */;
			productType = "com.apple.product-type.application";
		};
/* End PBXNativeTarget section */

/* Begin PBXProject section */
		81D9FF8723DEDA7900F8C159 /* Project object */ = {
			isa = PBXProject;
			attributes = {
				LastSwiftUpdateCheck = 1130;
				LastUpgradeCheck = 1130;
				ORGANIZATIONNAME = YuwenChiu;
				TargetAttributes = {
					81D9FF8E23DEDA7900F8C159 = {
						CreatedOnToolsVersion = 11.3.1;
					};
				};
			};
			buildConfigurationList = 81D9FF8A23DEDA7900F8C159 /* Build configuration list for PBXProject "PracticeDelegate" */;
			compatibilityVersion = "Xcode 9.3";
			developmentRegion = en;
			hasScannedForEncodings = 0;
			knownRegions = (
				en,
				Base,
			);
			mainGroup = 81D9FF8623DEDA7900F8C159;
			productRefGroup = 81D9FF9023DEDA7900F8C159 /* Products */;
			projectDirPath = "";
			projectRoot = "";
			targets = (
				81D9FF8E23DEDA7900F8C159 /* PracticeDelegate */,
			);
		};
/* End PBXProject section */

/* Begin PBXResourcesBuildPhase section */
		81D9FF8D23DEDA7900F8C159 /* Resources */ = {
			isa = PBXResourcesBuildPhase;
			buildActionMask = 2147483647;
			files = (
				81D9FF9F23DEDA7C00F8C159 /* LaunchScreen.storyboard in Resources */,
				81D9FF9C23DEDA7C00F8C159 /* Assets.xcassets in Resources */,
				81D9FF9A23DEDA7900F8C159 /* Main.storyboard in Resources */,
			);
			runOnlyForDeploymentPostprocessing = 0;
		};
/* End PBXResourcesBuildPhase section */

/* Begin PBXSourcesBuildPhase section */
		81D9FF8B23DEDA7900F8C159 /* Sources */ = {
			isa = PBXSourcesBuildPhase;
			buildActionMask = 2147483647;
			files = (
				81D9FFA923DEDBE500F8C159 /* EditViewController.swift in Sources */,
				81D9FF9323DEDA7900F8C159 /* AppDelegate.swift in Sources */,
				81D9FFA723DEDBBF00F8C159 /* UserInfoViewController.swift in Sources */,
				81D9FF9523DEDA7900F8C159 /* SceneDelegate.swift in Sources */,
			);
			runOnlyForDeploymentPostprocessing = 0;
		};
/* End PBXSourcesBuildPhase section */

/* Begin PBXVariantGroup section */
		81D9FF9823DEDA7900F8C159 /* Main.storyboard */ = {
			isa = PBXVariantGroup;
			children = (
				81D9FF9923DEDA7900F8C159 /* Base */,
			);
			name = Main.storyboard;
			sourceTree = "<group>";
		};
		81D9FF9D23DEDA7C00F8C159 /* LaunchScreen.storyboard */ = {
			isa = PBXVariantGroup;
			children = (
				81D9FF9E23DEDA7C00F8C159 /* Base */,
			);
			name = LaunchScreen.storyboard;
			sourceTree = "<group>";
		};
/* End PBXVariantGroup section */

/* Begin XCBuildConfiguration section */
		81D9FFA123DEDA7C00F8C159 /* Debug */ = {
			isa = XCBuildConfiguration;
			buildSettings = {
				ALWAYS_SEARCH_USER_PATHS = NO;
				CLANG_ANALYZER_NONNULL = YES;
				CLANG_ANALYZER_NUMBER_OBJECT_CONVERSION = YES_AGGRESSIVE;
				CLANG_CXX_LANGUAGE_STANDARD = "gnu++14";
				CLANG_CXX_LIBRARY = "libc++";
				CLANG_ENABLE_MODULES = YES;
				CLANG_ENABLE_OBJC_ARC = YES;
				CLANG_ENABLE_OBJC_WEAK = YES;
				CLANG_WARN_BLOCK_CAPTURE_AUTORELEASING = YES;
				CLANG_WARN_BOOL_CONVERSION = YES;
				CLANG_WARN_COMMA = YES;
				CLANG_WARN_CONSTANT_CONVERSION = YES;
				CLANG_WARN_DEPRECATED_OBJC_IMPLEMENTATIONS = YES;
				CLANG_WARN_DIRECT_OBJC_ISA_USAGE = YES_ERROR;
				CLANG_WARN_DOCUMENTATION_COMMENTS = YES;
				CLANG_WARN_EMPTY_BODY = YES;
				CLANG_WARN_ENUM_CONVERSION = YES;
				CLANG_WARN_INFINITE_RECURSION = YES;
				CLANG_WARN_INT_CONVERSION = YES;
				CLANG_WARN_NON_LITERAL_NULL_CONVERSION = YES;
				CLANG_WARN_OBJC_IMPLICIT_RETAIN_SELF = YES;
				CLANG_WARN_OBJC_LITERAL_CONVERSION = YES;
				CLANG_WARN_OBJC_ROOT_CLASS = YES_ERROR;
				CLANG_WARN_RANGE_LOOP_ANALYSIS = YES;
				CLANG_WARN_STRICT_PROTOTYPES = YES;
				CLANG_WARN_SUSPICIOUS_MOVE = YES;
				CLANG_WARN_UNGUARDED_AVAILABILITY = YES_AGGRESSIVE;
				CLANG_WARN_UNREACHABLE_CODE = YES;
				CLANG_WARN__DUPLICATE_METHOD_MATCH = YES;
				COPY_PHASE_STRIP = NO;
				DEBUG_INFORMATION_FORMAT = dwarf;
				ENABLE_STRICT_OBJC_MSGSEND = YES;
				ENABLE_TESTABILITY = YES;
				GCC_C_LANGUAGE_STANDARD = gnu11;
				GCC_DYNAMIC_NO_PIC = NO;
				GCC_NO_COMMON_BLOCKS = YES;
				GCC_OPTIMIZATION_LEVEL = 0;
				GCC_PREPROCESSOR_DEFINITIONS = (
					"DEBUG=1",
					"$(inherited)",
				);
				GCC_WARN_64_TO_32_BIT_CONVERSION = YES;
				GCC_WARN_ABOUT_RETURN_TYPE = YES_ERROR;
				GCC_WARN_UNDECLARED_SELECTOR = YES;
				GCC_WARN_UNINITIALIZED_AUTOS = YES_AGGRESSIVE;
				GCC_WARN_UNUSED_FUNCTION = YES;
				GCC_WARN_UNUSED_VARIABLE = YES;
				IPHONEOS_DEPLOYMENT_TARGET = 13.2;
				MTL_ENABLE_DEBUG_INFO = INCLUDE_SOURCE;
				MTL_FAST_MATH = YES;
				ONLY_ACTIVE_ARCH = YES;
				SDKROOT = iphoneos;
				SWIFT_ACTIVE_COMPILATION_CONDITIONS = DEBUG;
				SWIFT_OPTIMIZATION_LEVEL = "-Onone";
			};
			name = Debug;
		};
		81D9FFA223DEDA7C00F8C159 /* Release */ = {
			isa = XCBuildConfiguration;
			buildSettings = {
				ALWAYS_SEARCH_USER_PATHS = NO;
				CLANG_ANALYZER_NONNULL = YES;
				CLANG_ANALYZER_NUMBER_OBJECT_CONVERSION = YES_AGGRESSIVE;
				CLANG_CXX_LANGUAGE_STANDARD = "gnu++14";
				CLANG_CXX_LIBRARY = "libc++";
				CLANG_ENABLE_MODULES = YES;
				CLANG_ENABLE_OBJC_ARC = YES;
				CLANG_ENABLE_OBJC_WEAK = YES;
				CLANG_WARN_BLOCK_CAPTURE_AUTORELEASING = YES;
				CLANG_WARN_BOOL_CONVERSION = YES;
				CLANG_WARN_COMMA = YES;
				CLANG_WARN_CONSTANT_CONVERSION = YES;
				CLANG_WARN_DEPRECATED_OBJC_IMPLEMENTATIONS = YES;
				CLANG_WARN_DIRECT_OBJC_ISA_USAGE = YES_ERROR;
				CLANG_WARN_DOCUMENTATION_COMMENTS = YES;
				CLANG_WARN_EMPTY_BODY = YES;
				CLANG_WARN_ENUM_CONVERSION = YES;
				CLANG_WARN_INFINITE_RECURSION = YES;
				CLANG_WARN_INT_CONVERSION = YES;
				CLANG_WARN_NON_LITERAL_NULL_CONVERSION = YES;
				CLANG_WARN_OBJC_IMPLICIT_RETAIN_SELF = YES;
				CLANG_WARN_OBJC_LITERAL_CONVERSION = YES;
				CLANG_WARN_OBJC_ROOT_CLASS = YES_ERROR;
				CLANG_WARN_RANGE_LOOP_ANALYSIS = YES;
				CLANG_WARN_STRICT_PROTOTYPES = YES;
				CLANG_WARN_SUSPICIOUS_MOVE = YES;
				CLANG_WARN_UNGUARDED_AVAILABILITY = YES_AGGRESSIVE;
				CLANG_WARN_UNREACHABLE_CODE = YES;
				CLANG_WARN__DUPLICATE_METHOD_MATCH = YES;
				COPY_PHASE_STRIP = NO;
				DEBUG_INFORMATION_FORMAT = "dwarf-with-dsym";
				ENABLE_NS_ASSERTIONS = NO;
				ENABLE_STRICT_OBJC_MSGSEND = YES;
				GCC_C_LANGUAGE_STANDARD = gnu11;
				GCC_NO_COMMON_BLOCKS = YES;
				GCC_WARN_64_TO_32_BIT_CONVERSION = YES;
				GCC_WARN_ABOUT_RETURN_TYPE = YES_ERROR;
				GCC_WARN_UNDECLARED_SELECTOR = YES;
				GCC_WARN_UNINITIALIZED_AUTOS = YES_AGGRESSIVE;
				GCC_WARN_UNUSED_FUNCTION = YES;
				GCC_WARN_UNUSED_VARIABLE = YES;
				IPHONEOS_DEPLOYMENT_TARGET = 13.2;
				MTL_ENABLE_DEBUG_INFO = NO;
				MTL_FAST_MATH = YES;
				SDKROOT = iphoneos;
				SWIFT_COMPILATION_MODE = wholemodule;
				SWIFT_OPTIMIZATION_LEVEL = "-O";
				VALIDATE_PRODUCT = YES;
			};
			name = Release;
		};
		81D9FFA423DEDA7C00F8C159 /* Debug */ = {
			isa = XCBuildConfiguration;
			buildSettings = {
				ASSETCATALOG_COMPILER_APPICON_NAME = AppIcon;
				CODE_SIGN_STYLE = Automatic;
				INFOPLIST_FILE = PracticeDelegate/Info.plist;
				LD_RUNPATH_SEARCH_PATHS = (
					"$(inherited)",
					"@executable_path/Frameworks",
				);
				PRODUCT_BUNDLE_IDENTIFIER = com.yuwen.PracticeDelegate;
				PRODUCT_NAME = "$(TARGET_NAME)";
				SWIFT_VERSION = 5.0;
				TARGETED_DEVICE_FAMILY = "1,2";
			};
			name = Debug;
		};
		81D9FFA523DEDA7C00F8C159 /* Release */ = {
			isa = XCBuildConfiguration;
			buildSettings = {
				ASSETCATALOG_COMPILER_APPICON_NAME = AppIcon;
				CODE_SIGN_STYLE = Automatic;
				INFOPLIST_FILE = PracticeDelegate/Info.plist;
				LD_RUNPATH_SEARCH_PATHS = (
					"$(inherited)",
					"@executable_path/Frameworks",
				);
				PRODUCT_BUNDLE_IDENTIFIER = com.yuwen.PracticeDelegate;
				PRODUCT_NAME = "$(TARGET_NAME)";
				SWIFT_VERSION = 5.0;
				TARGETED_DEVICE_FAMILY = "1,2";
			};
			name = Release;
		};
/* End XCBuildConfiguration section */

/* Begin XCConfigurationList section */
		81D9FF8A23DEDA7900F8C159 /* Build configuration list for PBXProject "PracticeDelegate" */ = {
			isa = XCConfigurationList;
			buildConfigurations = (
				81D9FFA123DEDA7C00F8C159 /* Debug */,
				81D9FFA223DEDA7C00F8C159 /* Release */,
			);
			defaultConfigurationIsVisible = 0;
			defaultConfigurationName = Release;
		};
		81D9FFA323DEDA7C00F8C159 /* Build configuration list for PBXNativeTarget "PracticeDelegate" */ = {
			isa = XCConfigurationList;
			buildConfigurations = (
				81D9FFA423DEDA7C00F8C159 /* Debug */,
				81D9FFA523DEDA7C00F8C159 /* Release */,
			);
			defaultConfigurationIsVisible = 0;
			defaultConfigurationName = Release;
		};
/* End XCConfigurationList section */
	};
	rootObject = 81D9FF8723DEDA7900F8C159 /* Project object */;
}
